
Microsoft Visual Studio Solution File, Format Version 12.00
# Visual Studio Version 17
VisualStudioVersion = 17.13.35806.99 d17.13
MinimumVisualStudioVersion = 10.0.40219.1
Project("{FAE04EC0-301F-11D3-BF4B-00C04F79EFBC}") = "SPInRepositoryPro", "SPInRepositoryPro\SPInRepositoryPro.csproj", "{B0045519-3734-4237-B855-ABA89E590F1D}"
EndProject
Global
	GlobalSection(SolutionConfigurationPlatforms) = preSolution
		Debug|Any CPU = Debug|Any CPU
		Release|Any CPU = Release|Any CPU
	EndGlobalSection
	GlobalSection(ProjectConfigurationPlatforms) = postSolution
		{B0045519-3734-4237-B855-ABA89E590F1D}.Debug|Any CPU.ActiveCfg = Debug|Any CPU
		{B0045519-3734-4237-B855-ABA89E590F1D}.Debug|Any CPU.Build.0 = Debug|Any CPU
		{B0045519-3734-4237-B855-ABA89E590F1D}.Release|Any CPU.ActiveCfg = Release|Any CPU
		{B0045519-3734-4237-B855-ABA89E590F1D}.Release|Any CPU.Build.0 = Release|Any CPU
	EndGlobalSection
	GlobalSection(SolutionProperties) = preSolution
		HideSolutionNode = FALSE
	EndGlobalSection
	GlobalSection(ExtensibilityGlobals) = postSolution
		SolutionGuid = {B298278A-5DDB-40CE-B1B2-F68E36997795}
	EndGlobalSection
EndGlobal
